
Microsoft Visual Studio Solution File, Format Version 12.00
# Visual Studio 2013
VisualStudioVersion = 12.0.21005.1
MinimumVisualStudioVersion = 10.0.40219.1
Project("{FAE04EC0-301F-11D3-BF4B-00C04F79EFBC}") = "FET", "Monitor_HCCS\FET.csproj", "{5DFB0F73-D5A0-463D-9225-0D683D9ACCF7}"
EndProject
Project("{FAE04EC0-301F-11D3-BF4B-00C04F79EFBC}") = "ToastNotifications", "ToastNotifications\ToastNotifications.csproj", "{380D8D88-386C-4C50-9A54-800F79FDF7D2}"
EndProject
Project("{FAE04EC0-301F-11D3-BF4B-00C04F79EFBC}") = "WifiTool", "Wifi\WifiTool.csproj", "{59DA0A5E-DA94-48CC-990B-DEF10F9416AB}"
EndProject
Project("{FAE04EC0-301F-11D3-BF4B-00C04F79EFBC}") = "BenNHControl", "BenNHControl\BenNHControl.csproj", "{8D4E9176-79A8-4F7F-9EFE-18E379B73D3F}"
EndProject
Project("{FAE04EC0-301F-11D3-BF4B-00C04F79EFBC}") = "TX.Framework.WindowUI", "TX.Framework.WindowUI\TX.Framework.WindowUI.csproj", "{E8746B10-EAAF-44B7-95CC-29E4C42EC8D5}"
EndProject
Project("{6141683F-8A12-4E36-9623-2EB02B2C2303}") = "Setup1", "Setup1\Setup1.isproj", "{4E8AE983-EB84-4142-946F-E93EF43F3BED}"
	ProjectSection(ProjectDependencies) = postProject
		{E8746B10-EAAF-44B7-95CC-29E4C42EC8D5} = {E8746B10-EAAF-44B7-95CC-29E4C42EC8D5}
		{59DA0A5E-DA94-48CC-990B-DEF10F9416AB} = {59DA0A5E-DA94-48CC-990B-DEF10F9416AB}
		{5DFB0F73-D5A0-463D-9225-0D683D9ACCF7} = {5DFB0F73-D5A0-463D-9225-0D683D9ACCF7}
		{8D4E9176-79A8-4F7F-9EFE-18E379B73D3F} = {8D4E9176-79A8-4F7F-9EFE-18E379B73D3F}
		{380D8D88-386C-4C50-9A54-800F79FDF7D2} = {380D8D88-386C-4C50-9A54-800F79FDF7D2}
	EndProjectSection
EndProject
Project("{6141683F-8A12-4E36-9623-2EB02B2C2303}") = "Setup2", "Setup2\Setup2.isproj", "{32FCAC80-971F-4BFC-8A42-885B658A5865}"
	ProjectSection(ProjectDependencies) = postProject
		{E8746B10-EAAF-44B7-95CC-29E4C42EC8D5} = {E8746B10-EAAF-44B7-95CC-29E4C42EC8D5}
		{59DA0A5E-DA94-48CC-990B-DEF10F9416AB} = {59DA0A5E-DA94-48CC-990B-DEF10F9416AB}
		{5DFB0F73-D5A0-463D-9225-0D683D9ACCF7} = {5DFB0F73-D5A0-463D-9225-0D683D9ACCF7}
		{8D4E9176-79A8-4F7F-9EFE-18E379B73D3F} = {8D4E9176-79A8-4F7F-9EFE-18E379B73D3F}
		{380D8D88-386C-4C50-9A54-800F79FDF7D2} = {380D8D88-386C-4C50-9A54-800F79FDF7D2}
	EndProjectSection
EndProject
Global
	GlobalSection(SolutionConfigurationPlatforms) = preSolution
		CD_ROM|Any CPU = CD_ROM|Any CPU
		CD_ROM|x86 = CD_ROM|x86
		Debug|Any CPU = Debug|Any CPU
		Debug|x86 = Debug|x86
		DVD-5|Any CPU = DVD-5|Any CPU
		DVD-5|x86 = DVD-5|x86
		Release|Any CPU = Release|Any CPU
		Release|x86 = Release|x86
		SingleImage|Any CPU = SingleImage|Any CPU
		SingleImage|x86 = SingleImage|x86
	EndGlobalSection
	GlobalSection(ProjectConfigurationPlatforms) = postSolution
		{5DFB0F73-D5A0-463D-9225-0D683D9ACCF7}.CD_ROM|Any CPU.ActiveCfg = Release|Any CPU
		{5DFB0F73-D5A0-463D-9225-0D683D9ACCF7}.CD_ROM|Any CPU.Build.0 = Release|Any CPU
		{5DFB0F73-D5A0-463D-9225-0D683D9ACCF7}.CD_ROM|x86.ActiveCfg = Debug|Any CPU
		{5DFB0F73-D5A0-463D-9225-0D683D9ACCF7}.Debug|Any CPU.ActiveCfg = Debug|Any CPU
		{5DFB0F73-D5A0-463D-9225-0D683D9ACCF7}.Debug|Any CPU.Build.0 = Debug|Any CPU
		{5DFB0F73-D5A0-463D-9225-0D683D9ACCF7}.Debug|x86.ActiveCfg = Debug|Any CPU
		{5DFB0F73-D5A0-463D-9225-0D683D9ACCF7}.DVD-5|Any CPU.ActiveCfg = Debug|Any CPU
		{5DFB0F73-D5A0-463D-9225-0D683D9ACCF7}.DVD-5|Any CPU.Build.0 = Debug|Any CPU
		{5DFB0F73-D5A0-463D-9225-0D683D9ACCF7}.DVD-5|x86.ActiveCfg = Debug|Any CPU
		{5DFB0F73-D5A0-463D-9225-0D683D9ACCF7}.Release|Any CPU.ActiveCfg = Release|Any CPU
		{5DFB0F73-D5A0-463D-9225-0D683D9ACCF7}.Release|Any CPU.Build.0 = Release|Any CPU
		{5DFB0F73-D5A0-463D-9225-0D683D9ACCF7}.Release|x86.ActiveCfg = Release|Any CPU
		{5DFB0F73-D5A0-463D-9225-0D683D9ACCF7}.SingleImage|Any CPU.ActiveCfg = Release|Any CPU
		{5DFB0F73-D5A0-463D-9225-0D683D9ACCF7}.SingleImage|Any CPU.Build.0 = Release|Any CPU
		{5DFB0F73-D5A0-463D-9225-0D683D9ACCF7}.SingleImage|x86.ActiveCfg = Debug|Any CPU
		{380D8D88-386C-4C50-9A54-800F79FDF7D2}.CD_ROM|Any CPU.ActiveCfg = Release|Any CPU
		{380D8D88-386C-4C50-9A54-800F79FDF7D2}.CD_ROM|Any CPU.Build.0 = Release|Any CPU
		{380D8D88-386C-4C50-9A54-800F79FDF7D2}.CD_ROM|x86.ActiveCfg = Debug|Any CPU
		{380D8D88-386C-4C50-9A54-800F79FDF7D2}.Debug|Any CPU.ActiveCfg = Debug|Any CPU
		{380D8D88-386C-4C50-9A54-800F79FDF7D2}.Debug|Any CPU.Build.0 = Debug|Any CPU
		{380D8D88-386C-4C50-9A54-800F79FDF7D2}.Debug|x86.ActiveCfg = Debug|Any CPU
		{380D8D88-386C-4C50-9A54-800F79FDF7D2}.DVD-5|Any CPU.ActiveCfg = Debug|Any CPU
		{380D8D88-386C-4C50-9A54-800F79FDF7D2}.DVD-5|Any CPU.Build.0 = Debug|Any CPU
		{380D8D88-386C-4C50-9A54-800F79FDF7D2}.DVD-5|x86.ActiveCfg = Debug|Any CPU
		{380D8D88-386C-4C50-9A54-800F79FDF7D2}.Release|Any CPU.ActiveCfg = Release|Any CPU
		{380D8D88-386C-4C50-9A54-800F79FDF7D2}.Release|Any CPU.Build.0 = Release|Any CPU
		{380D8D88-386C-4C50-9A54-800F79FDF7D2}.Release|x86.ActiveCfg = Release|Any CPU
		{380D8D88-386C-4C50-9A54-800F79FDF7D2}.SingleImage|Any CPU.ActiveCfg = Release|Any CPU
		{380D8D88-386C-4C50-9A54-800F79FDF7D2}.SingleImage|Any CPU.Build.0 = Release|Any CPU
		{380D8D88-386C-4C50-9A54-800F79FDF7D2}.SingleImage|x86.ActiveCfg = Debug|Any CPU
		{59DA0A5E-DA94-48CC-990B-DEF10F9416AB}.CD_ROM|Any CPU.ActiveCfg = Release|Any CPU
		{59DA0A5E-DA94-48CC-990B-DEF10F9416AB}.CD_ROM|Any CPU.Build.0 = Release|Any CPU
		{59DA0A5E-DA94-48CC-990B-DEF10F9416AB}.CD_ROM|x86.ActiveCfg = Release|Any CPU
		{59DA0A5E-DA94-48CC-990B-DEF10F9416AB}.Debug|Any CPU.ActiveCfg = Debug|Any CPU
		{59DA0A5E-DA94-48CC-990B-DEF10F9416AB}.Debug|Any CPU.Build.0 = Debug|Any CPU
		{59DA0A5E-DA94-48CC-990B-DEF10F9416AB}.Debug|x86.ActiveCfg = Debug|Any CPU
		{59DA0A5E-DA94-48CC-990B-DEF10F9416AB}.DVD-5|Any CPU.ActiveCfg = Debug|Any CPU
		{59DA0A5E-DA94-48CC-990B-DEF10F9416AB}.DVD-5|Any CPU.Build.0 = Debug|Any CPU
		{59DA0A5E-DA94-48CC-990B-DEF10F9416AB}.DVD-5|x86.ActiveCfg = Debug|Any CPU
		{59DA0A5E-DA94-48CC-990B-DEF10F9416AB}.Release|Any CPU.ActiveCfg = Release|Any CPU
		{59DA0A5E-DA94-48CC-990B-DEF10F9416AB}.Release|Any CPU.Build.0 = Release|Any CPU
		{59DA0A5E-DA94-48CC-990B-DEF10F9416AB}.Release|x86.ActiveCfg = Release|Any CPU
		{59DA0A5E-DA94-48CC-990B-DEF10F9416AB}.SingleImage|Any CPU.ActiveCfg = Release|Any CPU
		{59DA0A5E-DA94-48CC-990B-DEF10F9416AB}.SingleImage|Any CPU.Build.0 = Release|Any CPU
		{59DA0A5E-DA94-48CC-990B-DEF10F9416AB}.SingleImage|x86.ActiveCfg = Release|Any CPU
		{8D4E9176-79A8-4F7F-9EFE-18E379B73D3F}.CD_ROM|Any CPU.ActiveCfg = Release|Any CPU
		{8D4E9176-79A8-4F7F-9EFE-18E379B73D3F}.CD_ROM|Any CPU.Build.0 = Release|Any CPU
		{8D4E9176-79A8-4F7F-9EFE-18E379B73D3F}.CD_ROM|x86.ActiveCfg = Release|Any CPU
		{8D4E9176-79A8-4F7F-9EFE-18E379B73D3F}.Debug|Any CPU.ActiveCfg = Debug|Any CPU
		{8D4E9176-79A8-4F7F-9EFE-18E379B73D3F}.Debug|Any CPU.Build.0 = Debug|Any CPU
		{8D4E9176-79A8-4F7F-9EFE-18E379B73D3F}.Debug|x86.ActiveCfg = Debug|Any CPU
		{8D4E9176-79A8-4F7F-9EFE-18E379B73D3F}.DVD-5|Any CPU.ActiveCfg = Debug|Any CPU
		{8D4E9176-79A8-4F7F-9EFE-18E379B73D3F}.DVD-5|Any CPU.Build.0 = Debug|Any CPU
		{8D4E9176-79A8-4F7F-9EFE-18E379B73D3F}.DVD-5|x86.ActiveCfg = Debug|Any CPU
		{8D4E9176-79A8-4F7F-9EFE-18E379B73D3F}.Release|Any CPU.ActiveCfg = Release|Any CPU
		{8D4E9176-79A8-4F7F-9EFE-18E379B73D3F}.Release|Any CPU.Build.0 = Release|Any CPU
		{8D4E9176-79A8-4F7F-9EFE-18E379B73D3F}.Release|x86.ActiveCfg = Release|Any CPU
		{8D4E9176-79A8-4F7F-9EFE-18E379B73D3F}.SingleImage|Any CPU.ActiveCfg = Release|Any CPU
		{8D4E9176-79A8-4F7F-9EFE-18E379B73D3F}.SingleImage|Any CPU.Build.0 = Release|Any CPU
		{8D4E9176-79A8-4F7F-9EFE-18E379B73D3F}.SingleImage|x86.ActiveCfg = Release|Any CPU
		{E8746B10-EAAF-44B7-95CC-29E4C42EC8D5}.CD_ROM|Any CPU.ActiveCfg = Release|Any CPU
		{E8746B10-EAAF-44B7-95CC-29E4C42EC8D5}.CD_ROM|Any CPU.Build.0 = Release|Any CPU
		{E8746B10-EAAF-44B7-95CC-29E4C42EC8D5}.CD_ROM|x86.ActiveCfg = Release|x86
		{E8746B10-EAAF-44B7-95CC-29E4C42EC8D5}.CD_ROM|x86.Build.0 = Release|x86
		{E8746B10-EAAF-44B7-95CC-29E4C42EC8D5}.Debug|Any CPU.ActiveCfg = Debug|Any CPU
		{E8746B10-EAAF-44B7-95CC-29E4C42EC8D5}.Debug|Any CPU.Build.0 = Debug|Any CPU
		{E8746B10-EAAF-44B7-95CC-29E4C42EC8D5}.Debug|x86.ActiveCfg = Debug|x86
		{E8746B10-EAAF-44B7-95CC-29E4C42EC8D5}.Debug|x86.Build.0 = Debug|x86
		{E8746B10-EAAF-44B7-95CC-29E4C42EC8D5}.DVD-5|Any CPU.ActiveCfg = Debug|Any CPU
		{E8746B10-EAAF-44B7-95CC-29E4C42EC8D5}.DVD-5|Any CPU.Build.0 = Debug|Any CPU
		{E8746B10-EAAF-44B7-95CC-29E4C42EC8D5}.DVD-5|x86.ActiveCfg = Debug|x86
		{E8746B10-EAAF-44B7-95CC-29E4C42EC8D5}.DVD-5|x86.Build.0 = Debug|x86
		{E8746B10-EAAF-44B7-95CC-29E4C42EC8D5}.Release|Any CPU.ActiveCfg = Release|Any CPU
		{E8746B10-EAAF-44B7-95CC-29E4C42EC8D5}.Release|Any CPU.Build.0 = Release|Any CPU
		{E8746B10-EAAF-44B7-95CC-29E4C42EC8D5}.Release|x86.ActiveCfg = Release|x86
		{E8746B10-EAAF-44B7-95CC-29E4C42EC8D5}.Release|x86.Build.0 = Release|x86
		{E8746B10-EAAF-44B7-95CC-29E4C42EC8D5}.SingleImage|Any CPU.ActiveCfg = Release|Any CPU
		{E8746B10-EAAF-44B7-95CC-29E4C42EC8D5}.SingleImage|Any CPU.Build.0 = Release|Any CPU
		{E8746B10-EAAF-44B7-95CC-29E4C42EC8D5}.SingleImage|x86.ActiveCfg = Release|x86
		{E8746B10-EAAF-44B7-95CC-29E4C42EC8D5}.SingleImage|x86.Build.0 = Release|x86
		{4E8AE983-EB84-4142-946F-E93EF43F3BED}.CD_ROM|Any CPU.ActiveCfg = CD_ROM
		{4E8AE983-EB84-4142-946F-E93EF43F3BED}.CD_ROM|Any CPU.Build.0 = CD_ROM
		{4E8AE983-EB84-4142-946F-E93EF43F3BED}.CD_ROM|x86.ActiveCfg = CD_ROM
		{4E8AE983-EB84-4142-946F-E93EF43F3BED}.CD_ROM|x86.Build.0 = CD_ROM
		{4E8AE983-EB84-4142-946F-E93EF43F3BED}.Debug|Any CPU.ActiveCfg = SingleImage
		{4E8AE983-EB84-4142-946F-E93EF43F3BED}.Debug|Any CPU.Build.0 = SingleImage
		{4E8AE983-EB84-4142-946F-E93EF43F3BED}.Debug|x86.ActiveCfg = DVD-5
		{4E8AE983-EB84-4142-946F-E93EF43F3BED}.Debug|x86.Build.0 = DVD-5
		{4E8AE983-EB84-4142-946F-E93EF43F3BED}.DVD-5|Any CPU.ActiveCfg = DVD-5
		{4E8AE983-EB84-4142-946F-E93EF43F3BED}.DVD-5|Any CPU.Build.0 = DVD-5
		{4E8AE983-EB84-4142-946F-E93EF43F3BED}.DVD-5|x86.ActiveCfg = DVD-5
		{4E8AE983-EB84-4142-946F-E93EF43F3BED}.DVD-5|x86.Build.0 = DVD-5
		{4E8AE983-EB84-4142-946F-E93EF43F3BED}.Release|Any CPU.ActiveCfg = SingleImage
		{4E8AE983-EB84-4142-946F-E93EF43F3BED}.Release|Any CPU.Build.0 = SingleImage
		{4E8AE983-EB84-4142-946F-E93EF43F3BED}.Release|x86.ActiveCfg = SingleImage
		{4E8AE983-EB84-4142-946F-E93EF43F3BED}.Release|x86.Build.0 = SingleImage
		{4E8AE983-EB84-4142-946F-E93EF43F3BED}.SingleImage|Any CPU.ActiveCfg = SingleImage
		{4E8AE983-EB84-4142-946F-E93EF43F3BED}.SingleImage|Any CPU.Build.0 = SingleImage
		{4E8AE983-EB84-4142-946F-E93EF43F3BED}.SingleImage|x86.ActiveCfg = SingleImage
		{4E8AE983-EB84-4142-946F-E93EF43F3BED}.SingleImage|x86.Build.0 = SingleImage
		{32FCAC80-971F-4BFC-8A42-885B658A5865}.CD_ROM|Any CPU.ActiveCfg = CD_ROM
		{32FCAC80-971F-4BFC-8A42-885B658A5865}.CD_ROM|Any CPU.Build.0 = CD_ROM
		{32FCAC80-971F-4BFC-8A42-885B658A5865}.CD_ROM|x86.ActiveCfg = CD_ROM
		{32FCAC80-971F-4BFC-8A42-885B658A5865}.CD_ROM|x86.Build.0 = CD_ROM
		{32FCAC80-971F-4BFC-8A42-885B658A5865}.Debug|Any CPU.ActiveCfg = SingleImage
		{32FCAC80-971F-4BFC-8A42-885B658A5865}.Debug|Any CPU.Build.0 = SingleImage
		{32FCAC80-971F-4BFC-8A42-885B658A5865}.Debug|x86.ActiveCfg = DVD-5
		{32FCAC80-971F-4BFC-8A42-885B658A5865}.Debug|x86.Build.0 = DVD-5
		{32FCAC80-971F-4BFC-8A42-885B658A5865}.DVD-5|Any CPU.ActiveCfg = DVD-5
		{32FCAC80-971F-4BFC-8A42-885B658A5865}.DVD-5|Any CPU.Build.0 = DVD-5
		{32FCAC80-971F-4BFC-8A42-885B658A5865}.DVD-5|x86.ActiveCfg = DVD-5
		{32FCAC80-971F-4BFC-8A42-885B658A5865}.DVD-5|x86.Build.0 = DVD-5
		{32FCAC80-971F-4BFC-8A42-885B658A5865}.Release|Any CPU.ActiveCfg = SingleImage
		{32FCAC80-971F-4BFC-8A42-885B658A5865}.Release|Any CPU.Build.0 = SingleImage
		{32FCAC80-971F-4BFC-8A42-885B658A5865}.Release|x86.ActiveCfg = SingleImage
		{32FCAC80-971F-4BFC-8A42-885B658A5865}.Release|x86.Build.0 = SingleImage
		{32FCAC80-971F-4BFC-8A42-885B658A5865}.SingleImage|Any CPU.ActiveCfg = SingleImage
		{32FCAC80-971F-4BFC-8A42-885B658A5865}.SingleImage|Any CPU.Build.0 = SingleImage
		{32FCAC80-971F-4BFC-8A42-885B658A5865}.SingleImage|x86.ActiveCfg = SingleImage
		{32FCAC80-971F-4BFC-8A42-885B658A5865}.SingleImage|x86.Build.0 = SingleImage
	EndGlobalSection
	GlobalSection(SolutionProperties) = preSolution
		HideSolutionNode = FALSE
	EndGlobalSection
	GlobalSection(ExtensibilityGlobals) = postSolution
		SolutionGuid = {EC4D1561-9829-4B0D-B250-45492D6927AC}
	EndGlobalSection
EndGlobal
